version = 1
revision = 3
requires-python = "==3.14.*"

[[package]]
name = "ruff"
version = "0.15.13"
source = { registry = "https://pypi.org/simple" }
sdist = { url = "https://files.pythonhosted.org/packages/24/21/a7d5c126d5b557715ef81098f3db2fe20f622a039ff2e626af28d674ab80/ruff-0.15.13.tar.gz", hash = "sha256:f9d89f17f7ba7fb2ed42921f0df75da797a9a5d71bc39049e2c687cf2baf44b7", size = 4678180, upload-time = "2026-05-14T13:44:37.869Z" }
wheels = [
    { url = "https://files.pythonhosted.org/packages/c6/61/11d458dc6ac22504fd8e237b29dfd40504c7fbbcc8930402cfe51a8e63ed/ruff-0.15.13-py3-none-linux_armv6l.whl", hash = "sha256:444b580fc72fd6887e650acd3e575e18cdc79dbcf42fb4030b491057921f61f8", size = 10738279, upload-time = "2026-05-14T13:44:18.7Z" },
    { url = "https://files.pythonhosted.org/packages/86/ca/caa871ee7be718c45256fada4e16a218ee3e33f0c4a46b729a60a24912e6/ruff-0.15.13-py3-none-macosx_10_12_x86_64.whl", hash = "sha256:6590d009e7cb7ebf36f83dbdd44a3fa48a0994ff6f1cdc1b08006abe58f98dc7", size = 11124798, upload-time = "2026-05-14T13:44:06.427Z" },
    { url = "https://files.pythonhosted.org/packages/d3/19/43f5f2e568dddde567fc41f8471f9432c09563e19d3e617a48cfa52f8f0a/ruff-0.15.13-py3-none-macosx_11_0_arm64.whl", hash = "sha256:1c26d2f66163deeb6e08d8b39fbbe983ce3c71cea06a6d7591cfd1421793c629", size = 10460761, upload-time = "2026-05-14T13:44:04.375Z" },
    { url = "https://files.pythonhosted.org/packages/99/df/cf938cd6de3003178f03ad7c1ea2a6c099468c03a35037985070b37e76be/ruff-0.15.13-py3-none-manylinux_2_17_aarch64.manylinux2014_aarch64.whl", hash = "sha256:9dbd6f94b434f896308e4d57fb7bfde0d02b99f7a64b3bdab0fdfa6a864203a5", size = 10804451, upload-time = "2026-05-14T13:44:25.221Z" },
    { url = "https://files.pythonhosted.org/packages/c7/7d/5d0973129b154ded2225729169d7068f26b467760b146493fde138415f23/ruff-0.15.13-py3-none-manylinux_2_17_armv7l.manylinux2014_armv7l.whl", hash = "sha256:bf3259f3be4d181bda591da5db2571aed6853c6a048157756448020bc6c5cd22", size = 10534285, upload-time = "2026-05-14T13:44:08.888Z" },
    { url = "https://files.pythonhosted.org/packages/1f/e3/6b999bbc66cd51e5f073842bc2a3995e99c5e0e72e16b15e7261f7abf57a/ruff-0.15.13-py3-none-manylinux_2_17_i686.manylinux2014_i686.whl", hash = "sha256:ae9c17e5eb4430c154e76abc25d79a318190f5a997f38fb6b114416c5319ffc9", size = 11312063, upload-time = "2026-05-14T13:44:11.274Z" },
    { url = "https://files.pythonhosted.org/packages/af/5a/642639e9f5db04f1e97fbd6e091c6fd20725bdf072fb114d00eefb9e6eb8/ruff-0.15.13-py3-none-manylinux_2_17_ppc64le.manylinux2014_ppc64le.whl", hash = "sha256:2e2e39bff6c341f4b577a21b801326fab0b11847f48fcaa83f00a113c9b3cb55", size = 12183079, upload-time = "2026-05-14T13:44:01.634Z" },
    { url = "https://files.pythonhosted.org/packages/19/4c/7585735f6b53b0f12de13618b2f7d250a844f018822efc899df2e7b8295f/ruff-0.15.13-py3-none-manylinux_2_17_s390x.manylinux2014_s390x.whl", hash = "sha256:e8d9a8e08013542e94d3220bc5b62cc3e5ef87c5f74bff367d3fac14fab013e6", size = 11440833, upload-time = "2026-05-14T13:43:59.043Z" },
    { url = "https://files.pythonhosted.org/packages/e8/31/bf1a0803d077e679cfeee5f2f67290a0fa79c7385b5d9a8c17b9db2c48f0/ruff-0.15.13-py3-none-manylinux_2_17_x86_64.manylinux2014_x86_64.whl", hash = "sha256:cc411dfebe5eebe55ce041c6ae080eb7668955e866daa2fbb16692a784f1c4ca", size = 11434486, upload-time = "2026-05-14T13:44:27.761Z" },
    { url = "https://files.pythonhosted.org/packages/e1/4e/62c9b999875d4f14db80f277c030578f5e249c9852d65b7ac7ad0b43c041/ruff-0.15.13-py3-none-manylinux_2_31_riscv64.whl", hash = "sha256:768494eb08b9cee54e2fd27969966f74db5a57f6eaa7a90fcb3306af34dfc4bd", size = 11385189, upload-time = "2026-05-14T13:44:13.704Z" },
    { url = "https://files.pythonhosted.org/packages/fc/89/7e959047a104df3eb12863447c110140191fc5b6c4f379ea2e803fcdb0e4/ruff-0.15.13-py3-none-musllinux_1_2_aarch64.whl", hash = "sha256:fb75f9a3a7e42ffe117d734494e6c5e5cb3565d66e12612cb63d0e572a41a5b6", size = 10781380, upload-time = "2026-05-14T13:43:56.734Z" },
    { url = "https://files.pythonhosted.org/packages/ff/52/5fd18f3b88cab63e88aa11516b3b4e1e5f720e5c330f8dbe5c26210f41f8/ruff-0.15.13-py3-none-musllinux_1_2_armv7l.whl", hash = "sha256:8cb74dd33bb2f6613faf7fc03b660053b5ac4f80e706d5788c6335e2a8048d51", size = 10540605, upload-time = "2026-05-14T13:44:20.748Z" },
    { url = "https://files.pythonhosted.org/packages/e8/e0/9e35f338990d3e41a82875ff7053ffe97541dae81c9d02143177f381d572/ruff-0.15.13-py3-none-musllinux_1_2_i686.whl", hash = "sha256:7ef823f817fcd191dc934e984be9cf4094f808effa16f2542ad8e821ba02bbf2", size = 11036554, upload-time = "2026-05-14T13:44:16.256Z" },
    { url = "https://files.pythonhosted.org/packages/c2/13/070fb048c24080fba188f66371e2a92785be257ad02242066dc7255ac6e9/ruff-0.15.13-py3-none-musllinux_1_2_x86_64.whl", hash = "sha256:f345a13937bd7f09f6f5d19fa0721b0c103e00e7f62bc67089a8e5e037719e0b", size = 11528133, upload-time = "2026-05-14T13:44:22.808Z" },
    { url = "https://files.pythonhosted.org/packages/6b/8c/b1e1666aef7fc6555094d73ae6cd981701781ae85b97ceefc0eebd0b4668/ruff-0.15.13-py3-none-win32.whl", hash = "sha256:4044f94208b3b05ba0fc4a4abd0558cf4d6459bd18325eead7fd8cc66f909b41", size = 10721455, upload-time = "2026-05-14T13:44:35.697Z" },
    { url = "https://files.pythonhosted.org/packages/ab/a6/870a3e8a50590bb92be184ad928c2922f088b00d9dc5c5ec7b924ee08c22/ruff-0.15.13-py3-none-win_amd64.whl", hash = "sha256:7064884d442b7d477b4e7473d12da7f08851d2b1982763c5d3f388a19468a1a4", size = 11900409, upload-time = "2026-05-14T13:44:30.389Z" },
    { url = "https://files.pythonhosted.org/packages/9b/36/9c015cd052fca743dae8cb2aeb16b551444787467db42ceab0fc968865af/ruff-0.15.13-py3-none-win_arm64.whl", hash = "sha256:2471da9bd1068c8c064b5fd9c0c4b6dddffd6369cb1cd68b29993b1709ff1b21", size = 11179336, upload-time = "2026-05-14T13:44:33.026Z" },
]

[[package]]
name = "ty"
version = "0.0.44"
source = { registry = "https://pypi.org/simple" }
sdist = { url = "https://files.pythonhosted.org/packages/13/f4/fbb120226e4f239652525a664bad976a23fea58c646d1323f2296fee8a61/ty-0.0.44.tar.gz", hash = "sha256:5886229830ab77022842a1c55d2ef57405621a91fc465969fa6d538661898173", size = 5803665, upload-time = "2026-06-05T03:33:48.612Z" }
wheels = [
    { url = "https://files.pythonhosted.org/packages/e8/c6/b5b8c4762efb4d85401652658786506867553ecfc2beac3bcf361a15937f/ty-0.0.44-py3-none-linux_armv6l.whl", hash = "sha256:272d31e7ad49b1dc5e8465a9fe700354e14c755b40d9c75f08f031d786903df3", size = 11607267, upload-time = "2026-06-05T03:33:27.154Z" },
    { url = "https://files.pythonhosted.org/packages/1c/5c/f4b405570737f44ab0fc4214117fe43353f8f0825a1823d9e99e9c8e57be/ty-0.0.44-py3-none-macosx_10_12_x86_64.whl", hash = "sha256:b92c4ddd7a3daf2049715edec9dc70cf6fd31a5a318ee647258f90dd75495eed", size = 11382826, upload-time = "2026-06-05T03:33:54.374Z" },
    { url = "https://files.pythonhosted.org/packages/9d/aa/fb9835aa492b148d7754cb4c3db07f31a7e2e09f0d8e0e8e297f01125dd2/ty-0.0.44-py3-none-macosx_11_0_arm64.whl", hash = "sha256:4d42cfd84a690f6654b2a4f0515027c21b692cf2512d32e6433f754893a95609", size = 10809741, upload-time = "2026-06-05T03:33:33.22Z" },
    { url = "https://files.pythonhosted.org/packages/47/f5/0b20ba6b66837a5a37bab7f74ac0732c66e766b5f0b2d55b30816b15f348/ty-0.0.44-py3-none-manylinux_2_17_aarch64.manylinux2014_aarch64.whl", hash = "sha256:5dc47ae87e4cb7db2a9166bb23b78a905c3626e523296ec5bccf36b5e89bda6b", size = 11318153, upload-time = "2026-06-05T03:34:09.403Z" },
    { url = "https://files.pythonhosted.org/packages/ca/bb/b82ea730774a4f950f06d355fbc120d51eac7da23b57fc79ef6ff7c79cbb/ty-0.0.44-py3-none-manylinux_2_17_armv7l.manylinux2014_armv7l.whl", hash = "sha256:46d867e80f16f421ac72c9a85240dbf050d62d9b3fbd10a8b5b082fb21679e0b", size = 11403108, upload-time = "2026-06-05T03:33:57.745Z" },
    { url = "https://files.pythonhosted.org/packages/8b/41/e2c83856165291049c702eda4e2ef3d3ebd875e8a0a77b8cc4ef3156aa1c/ty-0.0.44-py3-none-manylinux_2_17_i686.manylinux2014_i686.whl", hash = "sha256:411f5de0f96a4e4e5cccc3e0d55954c41f6a99ee6ca1fe5a7226cbc68406e053", size = 11944815, upload-time = "2026-06-05T03:34:15.793Z" },
    { url = "https://files.pythonhosted.org/packages/66/95/1fa6a101eb9d5bec042b87e5ca9c8fc349b75961beca6306f95af5cd5539/ty-0.0.44-py3-none-manylinux_2_17_ppc64le.manylinux2014_ppc64le.whl", hash = "sha256:4b15f01ecb4e2b46c05a1769293f9d32c3d4a1e4e7dfccf37c604d705dc3e3f4", size = 12476121, upload-time = "2026-06-05T03:33:51.529Z" },
    { url = "https://files.pythonhosted.org/packages/72/6a/da4b45b1229d39207c6140681c2aaf4f5691bcb1dc830b84450ca25c8f57/ty-0.0.44-py3-none-manylinux_2_17_s390x.manylinux2014_s390x.whl", hash = "sha256:edd32b7467af509c99c0244c2226a4e4c03400699003ec33373282ab931654d9", size = 12091340, upload-time = "2026-06-05T03:33:36.289Z" },
    { url = "https://files.pythonhosted.org/packages/16/c7/e1c9260ea5188195962ff1214ace418b5d69187e8fa7c0a1ec4994b8071b/ty-0.0.44-py3-none-manylinux_2_17_x86_64.manylinux2014_x86_64.whl", hash = "sha256:503a585f4007387c3afc58bae23a7ca1b9f236cbdb1a881dc36110655ceb1937", size = 11986201, upload-time = "2026-06-05T03:34:00.624Z" },
    { url = "https://files.pythonhosted.org/packages/92/f9/312bb112da9b1a7da295bb0426be85e72ad48da4e4266c36d77256b4058d/ty-0.0.44-py3-none-manylinux_2_31_riscv64.whl", hash = "sha256:2d28bcfa83243d77c2316944e8cf197f73597bf17d1ddc047d0b10a762531252", size = 12168475, upload-time = "2026-06-05T03:33:30.386Z" },
    { url = "https://files.pythonhosted.org/packages/02/de/64978d603f6c3e5dd7cb97eca2214567d8ad0c85fa4a7435b7852ae4b779/ty-0.0.44-py3-none-musllinux_1_2_aarch64.whl", hash = "sha256:56fd2dd0192def189715b25f5338f6222fb827884dc34111e50aa1c4e061cee5", size = 11292937, upload-time = "2026-06-05T03:34:06.448Z" },
    { url = "https://files.pythonhosted.org/packages/64/63/a625d8a3c71dcaa01988d330f849c465fe72ead4b0bbab44fe4bd6e672b5/ty-0.0.44-py3-none-musllinux_1_2_armv7l.whl", hash = "sha256:7f8d990489032de1984e73c159f3e760d754cf83a602b874827d943821f63595", size = 11421560, upload-time = "2026-06-05T03:33:23.995Z" },
    { url = "https://files.pythonhosted.org/packages/99/96/61aeba0e629b0c91bd316ff94d00e38817ec493ae4316f39508988daa287/ty-0.0.44-py3-none-musllinux_1_2_i686.whl", hash = "sha256:f61ffe72996a755432922fe90b28db593f572eb5cbf48e3ef4e67b282533d1b0", size = 11580282, upload-time = "2026-06-05T03:34:03.308Z" },
    { url = "https://files.pythonhosted.org/packages/fa/f7/256e1538ce21cab67b381201444c42454de69d310059c4929d92a0ee9c48/ty-0.0.44-py3-none-musllinux_1_2_x86_64.whl", hash = "sha256:2b237a143bac4f30cec9257d45f01e72da97030a80a09a2b69cfef065f09c37f", size = 12085723, upload-time = "2026-06-05T03:33:45.953Z" },
    { url = "https://files.pythonhosted.org/packages/d3/76/ec3957c10872643a98db7a7895101ad89c5b7cba4bc6c4aebbbfc91756cc/ty-0.0.44-py3-none-win32.whl", hash = "sha256:6a24586c65419223ac5bab4822d49ab493a5d19ea2a897514284c232b9d6166a", size = 10892978, upload-time = "2026-06-05T03:34:12.603Z" },
    { url = "https://files.pythonhosted.org/packages/a5/7d/ba24050432196e7d7f03945e5c379951593c48e04e5c5d5275cfc4624791/ty-0.0.44-py3-none-win_amd64.whl", hash = "sha256:8cccb27e348c89a9733fbad1b2efadfbad79b107c7e52adb52dfd8a70156a38d", size = 11987058, upload-time = "2026-06-05T03:33:42.692Z" },
    { url = "https://files.pythonhosted.org/packages/71/34/16ec3f1fec75292d9c56a8b5fef037ceaba85a5c30562206c1a245a00a67/ty-0.0.44-py3-none-win_arm64.whl", hash = "sha256:58049504e7a12bf1957f24a5384a332c94d5590127083a80db5e5a1bed34190b", size = 11329961, upload-time = "2026-06-05T03:33:39.427Z" },
]

[[package]]
name = "workflows"
version = "0.0.0"
source = { virtual = "." }

[package.optional-dependencies]
style = [
    { name = "ruff" },
    { name = "ty" },
]

[package.metadata]
requires-dist = [
    { name = "ruff", marker = "extra == 'style'", specifier = "==0.15.13" },
    { name = "ty", marker = "extra == 'style'", specifier = "==0.0.44" },
]
provides-extras = ["style"]
